
Microsoft Visual Studio Solution File, Format Version 12.00
# Visual Studio 2012
Project("{FAE04EC0-301F-11D3-BF4B-00C04F79EFBC}") = "samplesDF", "samplesDF\samplesDF.csproj", "{A5FFBAE7-1673-410D-A986-2ECF189B648A}"
EndProject
Project("{FAE04EC0-301F-11D3-BF4B-00C04F79EFBC}") = "Test", "Test\Test.csproj", "{D6D1AF3B-1519-49F8-84BD-9EBA602216DB}"
EndProject
Global
	GlobalSection(SolutionConfigurationPlatforms) = preSolution
		Debug|Any CPU = Debug|Any CPU
		Release|Any CPU = Release|Any CPU
	EndGlobalSection
	GlobalSection(ProjectConfigurationPlatforms) = postSolution
		{A5FFBAE7-1673-410D-A986-2ECF189B648A}.Debug|Any CPU.ActiveCfg = Debug|Any CPU
		{A5FFBAE7-1673-410D-A986-2ECF189B648A}.Debug|Any CPU.Build.0 = Debug|Any CPU
		{A5FFBAE7-1673-410D-A986-2ECF189B648A}.Release|Any CPU.ActiveCfg = Release|Any CPU
		{A5FFBAE7-1673-410D-A986-2ECF189B648A}.Release|Any CPU.Build.0 = Release|Any CPU
		{D6D1AF3B-1519-49F8-84BD-9EBA602216DB}.Debug|Any CPU.ActiveCfg = Debug|Any CPU
		{D6D1AF3B-1519-49F8-84BD-9EBA602216DB}.Debug|Any CPU.Build.0 = Debug|Any CPU
		{D6D1AF3B-1519-49F8-84BD-9EBA602216DB}.Release|Any CPU.ActiveCfg = Release|Any CPU
		{D6D1AF3B-1519-49F8-84BD-9EBA602216DB}.Release|Any CPU.Build.0 = Release|Any CPU
	EndGlobalSection
	GlobalSection(SolutionProperties) = preSolution
		HideSolutionNode = FALSE
	EndGlobalSection
EndGlobal
